
Microsoft Visual Studio Solution File, Format Version 12.00
# Visual Studio Version 17
VisualStudioVersion = 17.9.34723.18
MinimumVisualStudioVersion = 10.0.40219.1
Project("{FAE04EC0-301F-11D3-BF4B-00C04F79EFBC}") = "vwatch", "vwatch\vwatch.csproj", "{E1E56111-6326-46CA-A7C2-E4C07038BEB9}"
EndProject
Project("{FAE04EC0-301F-11D3-BF4B-00C04F79EFBC}") = "vwatch.mvm", "vwatch.mvm\vwatch.mvm.csproj", "{7E6A8370-7E91-491F-8F5C-0E31200736A7}"
EndProject
Global
	GlobalSection(SolutionConfigurationPlatforms) = preSolution
		Debug|Any CPU = Debug|Any CPU
		Debug|arm64 = Debug|arm64
		Debug|x86 = Debug|x86
		Release|Any CPU = Release|Any CPU
		Release|arm64 = Release|arm64
		Release|x86 = Release|x86
	EndGlobalSection
	GlobalSection(ProjectConfigurationPlatforms) = postSolution
		{E1E56111-6326-46CA-A7C2-E4C07038BEB9}.Debug|Any CPU.ActiveCfg = Debug|Any CPU
		{E1E56111-6326-46CA-A7C2-E4C07038BEB9}.Debug|Any CPU.Build.0 = Debug|Any CPU
		{E1E56111-6326-46CA-A7C2-E4C07038BEB9}.Debug|arm64.ActiveCfg = Debug|arm64
		{E1E56111-6326-46CA-A7C2-E4C07038BEB9}.Debug|arm64.Build.0 = Debug|arm64
		{E1E56111-6326-46CA-A7C2-E4C07038BEB9}.Debug|x86.ActiveCfg = Debug|x86
		{E1E56111-6326-46CA-A7C2-E4C07038BEB9}.Debug|x86.Build.0 = Debug|x86
		{E1E56111-6326-46CA-A7C2-E4C07038BEB9}.Release|Any CPU.ActiveCfg = Release|Any CPU
		{E1E56111-6326-46CA-A7C2-E4C07038BEB9}.Release|Any CPU.Build.0 = Release|Any CPU
		{E1E56111-6326-46CA-A7C2-E4C07038BEB9}.Release|arm64.ActiveCfg = Release|arm64
		{E1E56111-6326-46CA-A7C2-E4C07038BEB9}.Release|arm64.Build.0 = Release|arm64
		{E1E56111-6326-46CA-A7C2-E4C07038BEB9}.Release|x86.ActiveCfg = Release|x86
		{E1E56111-6326-46CA-A7C2-E4C07038BEB9}.Release|x86.Build.0 = Release|x86
		{7E6A8370-7E91-491F-8F5C-0E31200736A7}.Debug|Any CPU.ActiveCfg = Debug|Any CPU
		{7E6A8370-7E91-491F-8F5C-0E31200736A7}.Debug|Any CPU.Build.0 = Debug|Any CPU
		{7E6A8370-7E91-491F-8F5C-0E31200736A7}.Debug|arm64.ActiveCfg = Debug|Any CPU
		{7E6A8370-7E91-491F-8F5C-0E31200736A7}.Debug|arm64.Build.0 = Debug|Any CPU
		{7E6A8370-7E91-491F-8F5C-0E31200736A7}.Debug|x86.ActiveCfg = Debug|Any CPU
		{7E6A8370-7E91-491F-8F5C-0E31200736A7}.Debug|x86.Build.0 = Debug|Any CPU
		{7E6A8370-7E91-491F-8F5C-0E31200736A7}.Release|Any CPU.ActiveCfg = Release|Any CPU
		{7E6A8370-7E91-491F-8F5C-0E31200736A7}.Release|Any CPU.Build.0 = Release|Any CPU
		{7E6A8370-7E91-491F-8F5C-0E31200736A7}.Release|arm64.ActiveCfg = Release|Any CPU
		{7E6A8370-7E91-491F-8F5C-0E31200736A7}.Release|arm64.Build.0 = Release|Any CPU
		{7E6A8370-7E91-491F-8F5C-0E31200736A7}.Release|x86.ActiveCfg = Release|Any CPU
		{7E6A8370-7E91-491F-8F5C-0E31200736A7}.Release|x86.Build.0 = Release|Any CPU
	EndGlobalSection
	GlobalSection(SolutionProperties) = preSolution
		HideSolutionNode = FALSE
	EndGlobalSection
	GlobalSection(ExtensibilityGlobals) = postSolution
		SolutionGuid = {E82A09AB-C35B-4C95-9299-C7B48561E972}
	EndGlobalSection
EndGlobal
